// !$*UTF8*$!
{
	archiveVersion = 1;
	classes = {
	};
	objectVersion = 77;
	objects = {

/* Begin PBXBuildFile section */
		C80BBEBF2FB4B32A00DC0772 /* Checker.swift in Sources */ = {isa = PBXBuildFile; fileRef = C80BBEBE2FB4B32A00DC0772 /* Checker.swift */; };
		C80BBEC22FB4B3A800DC0772 /* LoginViewControllerDelegate.swift in Sources */ = {isa = PBXBuildFile; fileRef = C80BBEC12FB4B3A800DC0772 /* LoginViewControllerDelegate.swift */; };
		C80BBEC42FB4B3CE00DC0772 /* LoginInspector.swift in Sources */ = {isa = PBXBuildFile; fileRef = C80BBEC32FB4B3CE00DC0772 /* LoginInspector.swift */; };
		C80BBEC72FB4B81700DC0772 /* LoginFactory.swift in Sources */ = {isa = PBXBuildFile; fileRef = C80BBEC62FB4B81700DC0772 /* LoginFactory.swift */; };
		C80BBEC92FB4B82C00DC0772 /* MyLoginFactory.swift in Sources */ = {isa = PBXBuildFile; fileRef = C80BBEC82FB4B82C00DC0772 /* MyLoginFactory.swift */; };
		C81951862FD99B68009BACB7 /* Coordinator.swift in Sources */ = {isa = PBXBuildFile; fileRef = C81951852FD99B68009BACB7 /* Coordinator.swift */; };
		C81951882FD99B7B009BACB7 /* AppCoordinator.swift in Sources */ = {isa = PBXBuildFile; fileRef = C81951872FD99B7B009BACB7 /* AppCoordinator.swift */; };
		C819518A2FD99B9D009BACB7 /* FeedCoordinator.swift in Sources */ = {isa = PBXBuildFile; fileRef = C81951892FD99B9D009BACB7 /* FeedCoordinator.swift */; };
		C819518C2FD99BD1009BACB7 /* ProfileCoordinator.swift in Sources */ = {isa = PBXBuildFile; fileRef = C819518B2FD99BD1009BACB7 /* ProfileCoordinator.swift */; };
		C819518E2FD99BEF009BACB7 /* LoginCoordinator.swift in Sources */ = {isa = PBXBuildFile; fileRef = C819518D2FD99BEF009BACB7 /* LoginCoordinator.swift */; };
		C850BCE42F8FA243002F84D0 /* SnapKit in Frameworks */ = {isa = PBXBuildFile; productRef = C850BCE32F8FA243002F84D0 /* SnapKit */; };
		C85C15852FBF43C300A4C48C /* DataProvider.swift in Sources */ = {isa = PBXBuildFile; fileRef = C85C15842FBF43C300A4C48C /* DataProvider.swift */; };
		C8AB2BA92F9A63CF00DA3732 /* UserClass.swift in Sources */ = {isa = PBXBuildFile; fileRef = C8AB2BA82F9A63CF00DA3732 /* UserClass.swift */; };
		C8C0C30C2F8505D800AADEC8 /* StorageService.framework in Frameworks */ = {isa = PBXBuildFile; fileRef = C8C0C3042F8505D800AADEC8 /* StorageService.framework */; };
		C8C0C30D2F8505D800AADEC8 /* StorageService.framework in Embed Frameworks */ = {isa = PBXBuildFile; fileRef = C8C0C3042F8505D800AADEC8 /* StorageService.framework */; settings = {ATTRIBUTES = (CodeSignOnCopy, RemoveHeadersOnCopy, ); }; };
		C8F264BB2FBF5455006CEFCF /* iOSIntPackage in Frameworks */ = {isa = PBXBuildFile; productRef = C8F264BA2FBF5455006CEFCF /* iOSIntPackage */; };
/* End PBXBuildFile section */

/* Begin PBXContainerItemProxy section */
		C8C0C30A2F8505D800AADEC8 /* PBXContainerItemProxy */ = {
			isa = PBXContainerItemProxy;
			containerPortal = C8222E5E2E86935B00AC0F57 /* Project object */;
			proxyType = 1;
			remoteGlobalIDString = C8C0C3032F8505D800AADEC8;
			remoteInfo = StorageService;
		};
/* End PBXContainerItemProxy section */

/* Begin PBXCopyFilesBuildPhase section */
		C8C0C30E2F8505D800AADEC8 /* Embed Frameworks */ = {
			isa = PBXCopyFilesBuildPhase;
			buildActionMask = 2147483647;
			dstPath = "";
			dstSubfolderSpec = 10;
			files = (
				C8C0C30D2F8505D800AADEC8 /* StorageService.framework in Embed Frameworks */,
			);
			name = "Embed Frameworks";
			runOnlyForDeploymentPostprocessing = 0;
		};
/* End PBXCopyFilesBuildPhase section */

/* Begin PBXFileReference section */
		C80BBEBE2FB4B32A00DC0772 /* Checker.swift */ = {isa = PBXFileReference; lastKnownFileType = sourcecode.swift; path = Checker.swift; sourceTree = "<group>"; };
		C80BBEC12FB4B3A800DC0772 /* LoginViewControllerDelegate.swift */ = {isa = PBXFileReference; lastKnownFileType = sourcecode.swift; path = LoginViewControllerDelegate.swift; sourceTree = "<group>"; };
		C80BBEC32FB4B3CE00DC0772 /* LoginInspector.swift */ = {isa = PBXFileReference; lastKnownFileType = sourcecode.swift; path = LoginInspector.swift; sourceTree = "<group>"; };
		C80BBEC62FB4B81700DC0772 /* LoginFactory.swift */ = {isa = PBXFileReference; lastKnownFileType = sourcecode.swift; path = LoginFactory.swift; sourceTree = "<group>"; };
		C80BBEC82FB4B82C00DC0772 /* MyLoginFactory.swift */ = {isa = PBXFileReference; lastKnownFileType = sourcecode.swift; path = MyLoginFactory.swift; sourceTree = "<group>"; };
		C81951852FD99B68009BACB7 /* Coordinator.swift */ = {isa = PBXFileReference; lastKnownFileType = sourcecode.swift; path = Coordinator.swift; sourceTree = "<group>"; };
		C81951872FD99B7B009BACB7 /* AppCoordinator.swift */ = {isa = PBXFileReference; lastKnownFileType = sourcecode.swift; path = AppCoordinator.swift; sourceTree = "<group>"; };
		C81951892FD99B9D009BACB7 /* FeedCoordinator.swift */ = {isa = PBXFileReference; lastKnownFileType = sourcecode.swift; path = FeedCoordinator.swift; sourceTree = "<group>"; };
		C819518B2FD99BD1009BACB7 /* ProfileCoordinator.swift */ = {isa = PBXFileReference; lastKnownFileType = sourcecode.swift; path = ProfileCoordinator.swift; sourceTree = "<group>"; };
		C819518D2FD99BEF009BACB7 /* LoginCoordinator.swift */ = {isa = PBXFileReference; lastKnownFileType = sourcecode.swift; path = LoginCoordinator.swift; sourceTree = "<group>"; };
		C8222E662E86935B00AC0F57 /* Navigation.app */ = {isa = PBXFileReference; explicitFileType = wrapper.application; includeInIndex = 0; path = Navigation.app; sourceTree = BUILT_PRODUCTS_DIR; };
		C85C15842FBF43C300A4C48C /* DataProvider.swift */ = {isa = PBXFileReference; lastKnownFileType = sourcecode.swift; path = DataProvider.swift; sourceTree = "<group>"; };
		C8AB2BA82F9A63CF00DA3732 /* UserClass.swift */ = {isa = PBXFileReference; lastKnownFileType = sourcecode.swift; path = UserClass.swift; sourceTree = "<group>"; };
		C8C0C3042F8505D800AADEC8 /* StorageService.framework */ = {isa = PBXFileReference; explicitFileType = wrapper.framework; includeInIndex = 0; path = StorageService.framework; sourceTree = BUILT_PRODUCTS_DIR; };
/* End PBXFileReference section */

/* Begin PBXFileSystemSynchronizedBuildFileExceptionSet section */
		C8222E782E86935B00AC0F57 /* Exceptions for "Navigation" folder in "Navigation" target */ = {
			isa = PBXFileSystemSynchronizedBuildFileExceptionSet;
			membershipExceptions = (
				Info.plist,
			);
			target = C8222E652E86935B00AC0F57 /* Navigation */;
		};
/* End PBXFileSystemSynchronizedBuildFileExceptionSet section */

/* Begin PBXFileSystemSynchronizedRootGroup section */
		C8222E682E86935B00AC0F57 /* Navigation */ = {
			isa = PBXFileSystemSynchronizedRootGroup;
			exceptions = (
				C8222E782E86935B00AC0F57 /* Exceptions for "Navigation" folder in "Navigation" target */,
			);
			path = Navigation;
			sourceTree = "<group>";
		};
		C8C0C3052F8505D800AADEC8 /* StorageService */ = {
			isa = PBXFileSystemSynchronizedRootGroup;
			path = StorageService;
			sourceTree = "<group>";
		};
/* End PBXFileSystemSynchronizedRootGroup section */

/* Begin PBXFrameworksBuildPhase section */
		C8222E632E86935B00AC0F57 /* Frameworks */ = {
			isa = PBXFrameworksBuildPhase;
			buildActionMask = 2147483647;
			files = (
				C8F264BB2FBF5455006CEFCF /* iOSIntPackage in Frameworks */,
				C8C0C30C2F8505D800AADEC8 /* StorageService.framework in Frameworks */,
				C850BCE42F8FA243002F84D0 /* SnapKit in Frameworks */,
			);
			runOnlyForDeploymentPostprocessing = 0;
		};
		C8C0C3012F8505D800AADEC8 /* Frameworks */ = {
			isa = PBXFrameworksBuildPhase;
			buildActionMask = 2147483647;
			files = (
			);
			runOnlyForDeploymentPostprocessing = 0;
		};
/* End PBXFrameworksBuildPhase section */

/* Begin PBXGroup section */
		C80BBEC02FB4B39E00DC0772 /* Checker */ = {
			isa = PBXGroup;
			children = (
				C80BBEBE2FB4B32A00DC0772 /* Checker.swift */,
				C80BBEC12FB4B3A800DC0772 /* LoginViewControllerDelegate.swift */,
				C80BBEC32FB4B3CE00DC0772 /* LoginInspector.swift */,
				C85C15842FBF43C300A4C48C /* DataProvider.swift */,
			);
			path = Checker;
			sourceTree = "<group>";
		};
		C80BBEC52FB4B7FE00DC0772 /* Factory */ = {
			isa = PBXGroup;
			children = (
				C80BBEC62FB4B81700DC0772 /* LoginFactory.swift */,
				C80BBEC82FB4B82C00DC0772 /* MyLoginFactory.swift */,
			);
			path = Factory;
			sourceTree = "<group>";
		};
		C81951842FD99B55009BACB7 /* Сoordinator */ = {
			isa = PBXGroup;
			children = (
				C81951852FD99B68009BACB7 /* Coordinator.swift */,
				C81951872FD99B7B009BACB7 /* AppCoordinator.swift */,
				C81951892FD99B9D009BACB7 /* FeedCoordinator.swift */,
				C819518B2FD99BD1009BACB7 /* ProfileCoordinator.swift */,
				C819518D2FD99BEF009BACB7 /* LoginCoordinator.swift */,
			);
			path = "Сoordinator";
			sourceTree = "<group>";
		};
		C8222E5D2E86935B00AC0F57 = {
			isa = PBXGroup;
			children = (
				C81951842FD99B55009BACB7 /* Сoordinator */,
				C8AB2BA62F9A637B00DA3732 /* Class */,
				C80BBEC02FB4B39E00DC0772 /* Checker */,
				C80BBEC52FB4B7FE00DC0772 /* Factory */,
				C8222E682E86935B00AC0F57 /* Navigation */,
				C8C0C3052F8505D800AADEC8 /* StorageService */,
				C8222E672E86935B00AC0F57 /* Products */,
			);
			sourceTree = "<group>";
		};
		C8222E672E86935B00AC0F57 /* Products */ = {
			isa = PBXGroup;
			children = (
				C8222E662E86935B00AC0F57 /* Navigation.app */,
				C8C0C3042F8505D800AADEC8 /* StorageService.framework */,
			);
			name = Products;
			sourceTree = "<group>";
		};
		C8AB2BA62F9A637B00DA3732 /* Class */ = {
			isa = PBXGroup;
			children = (
				C8AB2BA82F9A63CF00DA3732 /* UserClass.swift */,
			);
			path = Class;
			sourceTree = "<group>";
		};
/* End PBXGroup section */

/* Begin PBXHeadersBuildPhase section */
		C8C0C2FF2F8505D800AADEC8 /* Headers */ = {
			isa = PBXHeadersBuildPhase;
			buildActionMask = 2147483647;
			files = (
			);
			runOnlyForDeploymentPostprocessing = 0;
		};
/* End PBXHeadersBuildPhase section */

/* Begin PBXNativeTarget section */
		C8222E652E86935B00AC0F57 /* Navigation */ = {
			isa = PBXNativeTarget;
			buildConfigurationList = C8222E792E86935B00AC0F57 /* Build configuration list for PBXNativeTarget "Navigation" */;
			buildPhases = (
				C8222E622E86935B00AC0F57 /* Sources */,
				C8222E632E86935B00AC0F57 /* Frameworks */,
				C8222E642E86935B00AC0F57 /* Resources */,
				C8C0C30E2F8505D800AADEC8 /* Embed Frameworks */,
			);
			buildRules = (
			);
			dependencies = (
				C8C0C30B2F8505D800AADEC8 /* PBXTargetDependency */,
			);
			fileSystemSynchronizedGroups = (
				C8222E682E86935B00AC0F57 /* Navigation */,
			);
			name = Navigation;
			packageProductDependencies = (
				C850BCE32F8FA243002F84D0 /* SnapKit */,
				C8F264BA2FBF5455006CEFCF /* iOSIntPackage */,
			);
			productName = Navigation;
			productReference = C8222E662E86935B00AC0F57 /* Navigation.app */;
			productType = "com.apple.product-type.application";
		};
		C8C0C3032F8505D800AADEC8 /* StorageService */ = {
			isa = PBXNativeTarget;
			buildConfigurationList = C8C0C3112F8505D800AADEC8 /* Build configuration list for PBXNativeTarget "StorageService" */;
			buildPhases = (
				C8C0C2FF2F8505D800AADEC8 /* Headers */,
				C8C0C3002F8505D800AADEC8 /* Sources */,
				C8C0C3012F8505D800AADEC8 /* Frameworks */,
				C8C0C3022F8505D800AADEC8 /* Resources */,
			);
			buildRules = (
			);
			dependencies = (
			);
			fileSystemSynchronizedGroups = (
				C8C0C3052F8505D800AADEC8 /* StorageService */,
			);
			name = StorageService;
			packageProductDependencies = (
			);
			productName = StorageService;
			productReference = C8C0C3042F8505D800AADEC8 /* StorageService.framework */;
			productType = "com.apple.product-type.framework";
		};
/* End PBXNativeTarget section */

/* Begin PBXProject section */
		C8222E5E2E86935B00AC0F57 /* Project object */ = {
			isa = PBXProject;
			attributes = {
				BuildIndependentTargetsInParallel = 1;
				LastSwiftUpdateCheck = 2630;
				LastUpgradeCheck = 2610;
				TargetAttributes = {
					C8222E652E86935B00AC0F57 = {
						CreatedOnToolsVersion = 16.4;
					};
					C8C0C3032F8505D800AADEC8 = {
						CreatedOnToolsVersion = 26.3;
					};
				};
			};
			buildConfigurationList = C8222E612E86935B00AC0F57 /* Build configuration list for PBXProject "Navigation" */;
			developmentRegion = en;
			hasScannedForEncodings = 0;
			knownRegions = (
				en,
				Base,
			);
			mainGroup = C8222E5D2E86935B00AC0F57;
			minimizedProjectReferenceProxies = 1;
			packageReferences = (
				C850BCE22F8FA243002F84D0 /* XCRemoteSwiftPackageReference "SnapKit" */,
				C8F264B92FBF5455006CEFCF /* XCRemoteSwiftPackageReference "iOSIntPackage" */,
			);
			preferredProjectObjectVersion = 77;
			productRefGroup = C8222E672E86935B00AC0F57 /* Products */;
			projectDirPath = "";
			projectRoot = "";
			targets = (
				C8222E652E86935B00AC0F57 /* Navigation */,
				C8C0C3032F8505D800AADEC8 /* StorageService */,
			);
		};
/* End PBXProject section */

/* Begin PBXResourcesBuildPhase section */
		C8222E642E86935B00AC0F57 /* Resources */ = {
			isa = PBXResourcesBuildPhase;
			buildActionMask = 2147483647;
			files = (
			);
			runOnlyForDeploymentPostprocessing = 0;
		};
		C8C0C3022F8505D800AADEC8 /* Resources */ = {
			isa = PBXResourcesBuildPhase;
			buildActionMask = 2147483647;
			files = (
			);
			runOnlyForDeploymentPostprocessing = 0;
		};
/* End PBXResourcesBuildPhase section */

/* Begin PBXSourcesBuildPhase section */
		C8222E622E86935B00AC0F57 /* Sources */ = {
			isa = PBXSourcesBuildPhase;
			buildActionMask = 2147483647;
			files = (
				C819518E2FD99BEF009BACB7 /* LoginCoordinator.swift in Sources */,
				C80BBEC42FB4B3CE00DC0772 /* LoginInspector.swift in Sources */,
				C80BBEC72FB4B81700DC0772 /* LoginFactory.swift in Sources */,
				C81951862FD99B68009BACB7 /* Coordinator.swift in Sources */,
				C80BBEBF2FB4B32A00DC0772 /* Checker.swift in Sources */,
				C81951882FD99B7B009BACB7 /* AppCoordinator.swift in Sources */,
				C819518A2FD99B9D009BACB7 /* FeedCoordinator.swift in Sources */,
				C819518C2FD99BD1009BACB7 /* ProfileCoordinator.swift in Sources */,
				C80BBEC92FB4B82C00DC0772 /* MyLoginFactory.swift in Sources */,
				C80BBEC22FB4B3A800DC0772 /* LoginViewControllerDelegate.swift in Sources */,
				C85C15852FBF43C300A4C48C /* DataProvider.swift in Sources */,
				C8AB2BA92F9A63CF00DA3732 /* UserClass.swift in Sources */,
			);
			runOnlyForDeploymentPostprocessing = 0;
		};
		C8C0C3002F8505D800AADEC8 /* Sources */ = {
			isa = PBXSourcesBuildPhase;
			buildActionMask = 2147483647;
			files = (
			);
			runOnlyForDeploymentPostprocessing = 0;
		};
/* End PBXSourcesBuildPhase section */

/* Begin PBXTargetDependency section */
		C8C0C30B2F8505D800AADEC8 /* PBXTargetDependency */ = {
			isa = PBXTargetDependency;
			target = C8C0C3032F8505D800AADEC8 /* StorageService */;
			targetProxy = C8C0C30A2F8505D800AADEC8 /* PBXContainerItemProxy */;
		};
/* End PBXTargetDependency section */

/* Begin XCBuildConfiguration section */
		C8222E7A2E86935B00AC0F57 /* Debug */ = {
			isa = XCBuildConfiguration;
			buildSettings = {
				ASSETCATALOG_COMPILER_APPICON_NAME = AppIcon;
				ASSETCATALOG_COMPILER_GLOBAL_ACCENT_COLOR_NAME = AccentColor;
				CODE_SIGN_STYLE = Automatic;
				CURRENT_PROJECT_VERSION = 1;
				GENERATE_INFOPLIST_FILE = YES;
				INFOPLIST_FILE = Navigation/Info.plist;
				INFOPLIST_KEY_UIApplicationSupportsIndirectInputEvents = YES;
				INFOPLIST_KEY_UILaunchStoryboardName = LaunchScreen;
				INFOPLIST_KEY_UISupportedInterfaceOrientations = UIInterfaceOrientationPortrait;
				INFOPLIST_KEY_UISupportedInterfaceOrientations_iPad = "UIInterfaceOrientationLandscapeLeft UIInterfaceOrientationLandscapeRight UIInterfaceOrientationPortrait UIInterfaceOrientationPortraitUpsideDown";
				IPHONEOS_DEPLOYMENT_TARGET = 15.6;
				LD_RUNPATH_SEARCH_PATHS = (
					"$(inherited)",
					"@executable_path/Frameworks",
				);
				MARKETING_VERSION = 1.0;
				PRODUCT_BUNDLE_IDENTIFIER = com.Navigation;
				PRODUCT_NAME = "$(TARGET_NAME)";
				SUPPORTED_PLATFORMS = "iphoneos iphonesimulator";
				SUPPORTS_MACCATALYST = NO;
				SUPPORTS_MAC_DESIGNED_FOR_IPHONE_IPAD = NO;
				SUPPORTS_XR_DESIGNED_FOR_IPHONE_IPAD = NO;
				SWIFT_EMIT_LOC_STRINGS = YES;
				SWIFT_VERSION = 5.0;
				TARGETED_DEVICE_FAMILY = 1;
			};
			name = Debug;
		};
		C8222E7B2E86935B00AC0F57 /* Release */ = {
			isa = XCBuildConfiguration;
			buildSettings = {
				ASSETCATALOG_COMPILER_APPICON_NAME = AppIcon;
				ASSETCATALOG_COMPILER_GLOBAL_ACCENT_COLOR_NAME = AccentColor;
				CODE_SIGN_STYLE = Automatic;
				CURRENT_PROJECT_VERSION = 1;
				GENERATE_INFOPLIST_FILE = YES;
				INFOPLIST_FILE = Navigation/Info.plist;
				INFOPLIST_KEY_UIApplicationSupportsIndirectInputEvents = YES;
				INFOPLIST_KEY_UILaunchStoryboardName = LaunchScreen;
				INFOPLIST_KEY_UISupportedInterfaceOrientations = UIInterfaceOrientationPortrait;
				INFOPLIST_KEY_UISupportedInterfaceOrientations_iPad = "UIInterfaceOrientationLandscapeLeft UIInterfaceOrientationLandscapeRight UIInterfaceOrientationPortrait UIInterfaceOrientationPortraitUpsideDown";
				IPHONEOS_DEPLOYMENT_TARGET = 15.6;
				LD_RUNPATH_SEARCH_PATHS = (
					"$(inherited)",
					"@executable_path/Frameworks",
				);
				MARKETING_VERSION = 1.0;
				PRODUCT_BUNDLE_IDENTIFIER = com.Navigation;
				PRODUCT_NAME = "$(TARGET_NAME)";
				SUPPORTED_PLATFORMS = "iphoneos iphonesimulator";
				SUPPORTS_MACCATALYST = NO;
				SUPPORTS_MAC_DESIGNED_FOR_IPHONE_IPAD = NO;
				SUPPORTS_XR_DESIGNED_FOR_IPHONE_IPAD = NO;
				SWIFT_ACTIVE_COMPILATION_CONDITIONS = "";
				SWIFT_EMIT_LOC_STRINGS = YES;
				SWIFT_VERSION = 5.0;
				TARGETED_DEVICE_FAMILY = 1;
			};
			name = Release;
		};
		C8222E7C2E86935B00AC0F57 /* Debug */ = {
			isa = XCBuildConfiguration;
			buildSettings = {
				ALWAYS_SEARCH_USER_PATHS = NO;
				ASSETCATALOG_COMPILER_GENERATE_SWIFT_ASSET_SYMBOL_EXTENSIONS = YES;
				CLANG_ANALYZER_NONNULL = YES;
				CLANG_ANALYZER_NUMBER_OBJECT_CONVERSION = YES_AGGRESSIVE;
				CLANG_CXX_LANGUAGE_STANDARD = "gnu++20";
				CLANG_ENABLE_MODULES = YES;
				CLANG_ENABLE_OBJC_ARC = YES;
				CLANG_ENABLE_OBJC_WEAK = YES;
				CLANG_WARN_BLOCK_CAPTURE_AUTORELEASING = YES;
				CLANG_WARN_BOOL_CONVERSION = YES;
				CLANG_WARN_COMMA = YES;
				CLANG_WARN_CONSTANT_CONVERSION = YES;
				CLANG_WARN_DEPRECATED_OBJC_IMPLEMENTATIONS = YES;
				CLANG_WARN_DIRECT_OBJC_ISA_USAGE = YES_ERROR;
				CLANG_WARN_DOCUMENTATION_COMMENTS = YES;
				CLANG_WARN_EMPTY_BODY = YES;
				CLANG_WARN_ENUM_CONVERSION = YES;
				CLANG_WARN_INFINITE_RECURSION = YES;
				CLANG_WARN_INT_CONVERSION = YES;
				CLANG_WARN_NON_LITERAL_NULL_CONVERSION = YES;
				CLANG_WARN_OBJC_IMPLICIT_RETAIN_SELF = YES;
				CLANG_WARN_OBJC_LITERAL_CONVERSION = YES;
				CLANG_WARN_OBJC_ROOT_CLASS = YES_ERROR;
				CLANG_WARN_QUOTED_INCLUDE_IN_FRAMEWORK_HEADER = YES;
				CLANG_WARN_RANGE_LOOP_ANALYSIS = YES;
				CLANG_WARN_STRICT_PROTOTYPES = YES;
				CLANG_WARN_SUSPICIOUS_MOVE = YES;
				CLANG_WARN_UNGUARDED_AVAILABILITY = YES_AGGRESSIVE;
				CLANG_WARN_UNREACHABLE_CODE = YES;
				CLANG_WARN__DUPLICATE_METHOD_MATCH = YES;
				COPY_PHASE_STRIP = NO;
				DEBUG_INFORMATION_FORMAT = dwarf;
				ENABLE_STRICT_OBJC_MSGSEND = YES;
				ENABLE_TESTABILITY = YES;
				ENABLE_USER_SCRIPT_SANDBOXING = YES;
				GCC_C_LANGUAGE_STANDARD = gnu17;
				GCC_DYNAMIC_NO_PIC = NO;
				GCC_NO_COMMON_BLOCKS = YES;
				GCC_OPTIMIZATION_LEVEL = 0;
				GCC_PREPROCESSOR_DEFINITIONS = (
					"DEBUG=1",
					"$(inherited)",
				);
				GCC_WARN_64_TO_32_BIT_CONVERSION = YES;
				GCC_WARN_ABOUT_RETURN_TYPE = YES_ERROR;
				GCC_WARN_UNDECLARED_SELECTOR = YES;
				GCC_WARN_UNINITIALIZED_AUTOS = YES_AGGRESSIVE;
				GCC_WARN_UNUSED_FUNCTION = YES;
				GCC_WARN_UNUSED_VARIABLE = YES;
				IPHONEOS_DEPLOYMENT_TARGET = 18.5;
				LOCALIZATION_PREFERS_STRING_CATALOGS = YES;
				MTL_ENABLE_DEBUG_INFO = INCLUDE_SOURCE;
				MTL_FAST_MATH = YES;
				ONLY_ACTIVE_ARCH = YES;
				SDKROOT = iphoneos;
				STRING_CATALOG_GENERATE_SYMBOLS = YES;
				SWIFT_ACTIVE_COMPILATION_CONDITIONS = "DEBUG $(inherited)";
				SWIFT_OPTIMIZATION_LEVEL = "-Onone";
			};
			name = Debug;
		};
		C8222E7D2E86935B00AC0F57 /* Release */ = {
			isa = XCBuildConfiguration;
			buildSettings = {
				ALWAYS_SEARCH_USER_PATHS = NO;
				ASSETCATALOG_COMPILER_GENERATE_SWIFT_ASSET_SYMBOL_EXTENSIONS = YES;
				CLANG_ANALYZER_NONNULL = YES;
				CLANG_ANALYZER_NUMBER_OBJECT_CONVERSION = YES_AGGRESSIVE;
				CLANG_CXX_LANGUAGE_STANDARD = "gnu++20";
				CLANG_ENABLE_MODULES = YES;
				CLANG_ENABLE_OBJC_ARC = YES;
				CLANG_ENABLE_OBJC_WEAK = YES;
				CLANG_WARN_BLOCK_CAPTURE_AUTORELEASING = YES;
				CLANG_WARN_BOOL_CONVERSION = YES;
				CLANG_WARN_COMMA = YES;
				CLANG_WARN_CONSTANT_CONVERSION = YES;
				CLANG_WARN_DEPRECATED_OBJC_IMPLEMENTATIONS = YES;
				CLANG_WARN_DIRECT_OBJC_ISA_USAGE = YES_ERROR;
				CLANG_WARN_DOCUMENTATION_COMMENTS = YES;
				CLANG_WARN_EMPTY_BODY = YES;
				CLANG_WARN_ENUM_CONVERSION = YES;
				CLANG_WARN_INFINITE_RECURSION = YES;
				CLANG_WARN_INT_CONVERSION = YES;
				CLANG_WARN_NON_LITERAL_NULL_CONVERSION = YES;
				CLANG_WARN_OBJC_IMPLICIT_RETAIN_SELF = YES;
				CLANG_WARN_OBJC_LITERAL_CONVERSION = YES;
				CLANG_WARN_OBJC_ROOT_CLASS = YES_ERROR;
				CLANG_WARN_QUOTED_INCLUDE_IN_FRAMEWORK_HEADER = YES;
				CLANG_WARN_RANGE_LOOP_ANALYSIS = YES;
				CLANG_WARN_STRICT_PROTOTYPES = YES;
				CLANG_WARN_SUSPICIOUS_MOVE = YES;
				CLANG_WARN_UNGUARDED_AVAILABILITY = YES_AGGRESSIVE;
				CLANG_WARN_UNREACHABLE_CODE = YES;
				CLANG_WARN__DUPLICATE_METHOD_MATCH = YES;
				COPY_PHASE_STRIP = NO;
				DEBUG_INFORMATION_FORMAT = "dwarf-with-dsym";
				ENABLE_NS_ASSERTIONS = NO;
				ENABLE_STRICT_OBJC_MSGSEND = YES;
				ENABLE_USER_SCRIPT_SANDBOXING = YES;
				GCC_C_LANGUAGE_STANDARD = gnu17;
				GCC_NO_COMMON_BLOCKS = YES;
				GCC_WARN_64_TO_32_BIT_CONVERSION = YES;
				GCC_WARN_ABOUT_RETURN_TYPE = YES_ERROR;
				GCC_WARN_UNDECLARED_SELECTOR = YES;
				GCC_WARN_UNINITIALIZED_AUTOS = YES_AGGRESSIVE;
				GCC_WARN_UNUSED_FUNCTION = YES;
				GCC_WARN_UNUSED_VARIABLE = YES;
				IPHONEOS_DEPLOYMENT_TARGET = 18.5;
				LOCALIZATION_PREFERS_STRING_CATALOGS = YES;
				MTL_ENABLE_DEBUG_INFO = NO;
				MTL_FAST_MATH = YES;
				SDKROOT = iphoneos;
				STRING_CATALOG_GENERATE_SYMBOLS = YES;
				SWIFT_COMPILATION_MODE = wholemodule;
				VALIDATE_PRODUCT = YES;
			};
			name = Release;
		};
		C8C0C30F2F8505D800AADEC8 /* Debug */ = {
			isa = XCBuildConfiguration;
			buildSettings = {
				BUILD_LIBRARY_FOR_DISTRIBUTION = YES;
				CODE_SIGN_STYLE = Automatic;
				CURRENT_PROJECT_VERSION = 1;
				DYLIB_COMPATIBILITY_VERSION = 1;
				DYLIB_CURRENT_VERSION = 1;
				DYLIB_INSTALL_NAME_BASE = "@rpath";
				ENABLE_MODULE_VERIFIER = YES;
				GENERATE_INFOPLIST_FILE = YES;
				INFOPLIST_KEY_NSHumanReadableCopyright = "";
				INSTALL_PATH = "$(LOCAL_LIBRARY_DIR)/Frameworks";
				IPHONEOS_DEPLOYMENT_TARGET = 26.2;
				LD_RUNPATH_SEARCH_PATHS = (
					"$(inherited)",
					"@executable_path/Frameworks",
					"@loader_path/Frameworks",
				);
				MARKETING_VERSION = 1.0;
				MODULE_VERIFIER_SUPPORTED_LANGUAGES = "objective-c objective-c++";
				MODULE_VERIFIER_SUPPORTED_LANGUAGE_STANDARDS = "gnu17 gnu++20";
				PRODUCT_BUNDLE_IDENTIFIER = bruise.StorageService;
				PRODUCT_NAME = "$(TARGET_NAME:c99extidentifier)";
				SKIP_INSTALL = YES;
				STRING_CATALOG_GENERATE_SYMBOLS = YES;
				SWIFT_APPROACHABLE_CONCURRENCY = YES;
				SWIFT_EMIT_LOC_STRINGS = YES;
				SWIFT_INSTALL_MODULE = YES;
				SWIFT_INSTALL_OBJC_HEADER = NO;
				SWIFT_UPCOMING_FEATURE_MEMBER_IMPORT_VISIBILITY = YES;
				SWIFT_VERSION = 5.0;
				TARGETED_DEVICE_FAMILY = "1,2";
				VERSIONING_SYSTEM = "apple-generic";
				VERSION_INFO_PREFIX = "";
			};
			name = Debug;
		};
		C8C0C3102F8505D800AADEC8 /* Release */ = {
			isa = XCBuildConfiguration;
			buildSettings = {
				BUILD_LIBRARY_FOR_DISTRIBUTION = YES;
				CODE_SIGN_STYLE = Automatic;
				CURRENT_PROJECT_VERSION = 1;
				DYLIB_COMPATIBILITY_VERSION = 1;
				DYLIB_CURRENT_VERSION = 1;
				DYLIB_INSTALL_NAME_BASE = "@rpath";
				ENABLE_MODULE_VERIFIER = YES;
				GENERATE_INFOPLIST_FILE = YES;
				INFOPLIST_KEY_NSHumanReadableCopyright = "";
				INSTALL_PATH = "$(LOCAL_LIBRARY_DIR)/Frameworks";
				IPHONEOS_DEPLOYMENT_TARGET = 26.2;
				LD_RUNPATH_SEARCH_PATHS = (
					"$(inherited)",
					"@executable_path/Frameworks",
					"@loader_path/Frameworks",
				);
				MARKETING_VERSION = 1.0;
				MODULE_VERIFIER_SUPPORTED_LANGUAGES = "objective-c objective-c++";
				MODULE_VERIFIER_SUPPORTED_LANGUAGE_STANDARDS = "gnu17 gnu++20";
				PRODUCT_BUNDLE_IDENTIFIER = bruise.StorageService;
				PRODUCT_NAME = "$(TARGET_NAME:c99extidentifier)";
				SKIP_INSTALL = YES;
				STRING_CATALOG_GENERATE_SYMBOLS = YES;
				SWIFT_APPROACHABLE_CONCURRENCY = YES;
				SWIFT_EMIT_LOC_STRINGS = YES;
				SWIFT_INSTALL_MODULE = YES;
				SWIFT_INSTALL_OBJC_HEADER = NO;
				SWIFT_UPCOMING_FEATURE_MEMBER_IMPORT_VISIBILITY = YES;
				SWIFT_VERSION = 5.0;
				TARGETED_DEVICE_FAMILY = "1,2";
				VERSIONING_SYSTEM = "apple-generic";
				VERSION_INFO_PREFIX = "";
			};
			name = Release;
		};
/* End XCBuildConfiguration section */

/* Begin XCConfigurationList section */
		C8222E612E86935B00AC0F57 /* Build configuration list for PBXProject "Navigation" */ = {
			isa = XCConfigurationList;
			buildConfigurations = (
				C8222E7C2E86935B00AC0F57 /* Debug */,
				C8222E7D2E86935B00AC0F57 /* Release */,
			);
			defaultConfigurationIsVisible = 0;
			defaultConfigurationName = Release;
		};
		C8222E792E86935B00AC0F57 /* Build configuration list for PBXNativeTarget "Navigation" */ = {
			isa = XCConfigurationList;
			buildConfigurations = (
				C8222E7A2E86935B00AC0F57 /* Debug */,
				C8222E7B2E86935B00AC0F57 /* Release */,
			);
			defaultConfigurationIsVisible = 0;
			defaultConfigurationName = Release;
		};
		C8C0C3112F8505D800AADEC8 /* Build configuration list for PBXNativeTarget "StorageService" */ = {
			isa = XCConfigurationList;
			buildConfigurations = (
				C8C0C30F2F8505D800AADEC8 /* Debug */,
				C8C0C3102F8505D800AADEC8 /* Release */,
			);
			defaultConfigurationIsVisible = 0;
			defaultConfigurationName = Release;
		};
/* End XCConfigurationList section */

/* Begin XCRemoteSwiftPackageReference section */
		C850BCE22F8FA243002F84D0 /* XCRemoteSwiftPackageReference "SnapKit" */ = {
			isa = XCRemoteSwiftPackageReference;
			repositoryURL = "https://github.com/SnapKit/SnapKit";
			requirement = {
				kind = upToNextMajorVersion;
				minimumVersion = 5.7.1;
			};
		};
		C8F264B92FBF5455006CEFCF /* XCRemoteSwiftPackageReference "iOSIntPackage" */ = {
			isa = XCRemoteSwiftPackageReference;
			repositoryURL = "https://github.com/TrueMax/iOSIntPackage";
			requirement = {
				branch = imagepublisher;
				kind = branch;
			};
		};
/* End XCRemoteSwiftPackageReference section */

/* Begin XCSwiftPackageProductDependency section */
		C850BCE32F8FA243002F84D0 /* SnapKit */ = {
			isa = XCSwiftPackageProductDependency;
			package = C850BCE22F8FA243002F84D0 /* XCRemoteSwiftPackageReference "SnapKit" */;
			productName = SnapKit;
		};
		C8F264BA2FBF5455006CEFCF /* iOSIntPackage */ = {
			isa = XCSwiftPackageProductDependency;
			package = C8F264B92FBF5455006CEFCF /* XCRemoteSwiftPackageReference "iOSIntPackage" */;
			productName = iOSIntPackage;
		};
/* End XCSwiftPackageProductDependency section */
	};
	rootObject = C8222E5E2E86935B00AC0F57 /* Project object */;
}
